{
  "originHash" : "66186f77b447b596a9250e014107d1ab6bec207046f6f46bf6ead86632b924ab",
  "pins" : [
    {
      "identity" : "flac-binary-xcframework",
      "kind" : "remoteSourceControl",
      "location" : "https://github.com/sbooth/flac-binary-xcframework.git",
      "state" : {
        "revision" : "9005dc2cd455765fb6824eb215c9703429bbe8ff",
        "version" : "0.2.0"
      }
    },
    {
      "identity" : "ogg-binary-xcframework",
      "kind" : "remoteSourceControl",
      "location" : "https://github.com/sbooth/ogg-binary-xcframework.git",
      "state" : {
        "revision" : "48cbf24e7fb5d329b1f5e24cd2e5b048585ff770",
        "version" : "0.1.3"
      }
    },
    {
      "identity" : "starscream",
      "kind" : "remoteSourceControl",
      "location" : "https://github.com/daltoniam/Starscream.git",
      "state" : {
        "revision" : "c6bfd1af48efcc9a9ad203665db12375ba6b145a",
        "version" : "4.0.8"
      }
    },
    {
      "identity" : "swift-argument-parser",
      "kind" : "remoteSourceControl",
      "location" : "https://github.com/apple/swift-argument-parser.git",
      "state" : {
        "revision" : "626b5b7b2f45e1b0b1c6f4a309296d1d21d7311b",
        "version" : "1.7.1"
      }
    },
    {
      "identity" : "swift-opus",
      "kind" : "remoteSourceControl",
      "location" : "https://github.com/alta/swift-opus.git",
      "state" : {
        "revision" : "5f0164b8915fb9001265c54413aa0f0efbd3df06",
        "version" : "0.0.2"
      }
    }
  ],
  "version" : 3
}
